// !$*UTF8*$!
{
	archiveVersion = 1;
	classes = {
	};
	objectVersion = 46;
	objects = {

/* Begin PBXBuildFile section */
		BE4249FE1E655D7200A7BA37 /* AppDelegate.swift in Sources */ = {isa = PBXBuildFile; fileRef = BE4249FD1E655D7200A7BA37 /* AppDelegate.swift */; };
		BE424A001E655D7200A7BA37 /* ViewController.swift in Sources */ = {isa = PBXBuildFile; fileRef = BE4249FF1E655D7200A7BA37 /* ViewController.swift */; };
		BE424A031E655D7200A7BA37 /* Main.storyboard in Resources */ = {isa = PBXBuildFile; fileRef = BE424A011E655D7200A7BA37 /* Main.storyboard */; };
		BE424A051E655D7200A7BA37 /* Assets.xcassets in Resources */ = {isa = PBXBuildFile; fileRef = BE424A041E655D7200A7BA37 /* Assets.xcassets */; };
		BE424A081E655D7200A7BA37 /* LaunchScreen.storyboard in Resources */ = {isa = PBXBuildFile; fileRef = BE424A061E655D7200A7BA37 /* LaunchScreen.storyboard */; };
		BE6004CB1E6F46FE00A45ACC /* LoginViewController.swift in Sources */ = {isa = PBXBuildFile; fileRef = BE6004CA1E6F46FE00A45ACC /* LoginViewController.swift */; };
		BE6004CD1E6F470C00A45ACC /* EventsViewController.swift in Sources */ = {isa = PBXBuildFile; fileRef = BE6004CC1E6F470C00A45ACC /* EventsViewController.swift */; };
		BE6004CF1E6F471700A45ACC /* EventsDetailViewController.swift in Sources */ = {isa = PBXBuildFile; fileRef = BE6004CE1E6F471700A45ACC /* EventsDetailViewController.swift */; };
		BE6004D11E6F472100A45ACC /* SettingsViewController.swift in Sources */ = {isa = PBXBuildFile; fileRef = BE6004D01E6F472100A45ACC /* SettingsViewController.swift */; };
		BE6004D31E6F4EF300A45ACC /* SignUpViewController.swift in Sources */ = {isa = PBXBuildFile; fileRef = BE6004D21E6F4EF300A45ACC /* SignUpViewController.swift */; };
/* End PBXBuildFile section */

/* Begin PBXFileReference section */
		BE4249FA1E655D7200A7BA37 /* CampusApp.app */ = {isa = PBXFileReference; explicitFileType = wrapper.application; includeInIndex = 0; path = CampusApp.app; sourceTree = BUILT_PRODUCTS_DIR; };
		BE4249FD1E655D7200A7BA37 /* AppDelegate.swift */ = {isa = PBXFileReference; lastKnownFileType = sourcecode.swift; path = AppDelegate.swift; sourceTree = "<group>"; };
		BE4249FF1E655D7200A7BA37 /* ViewController.swift */ = {isa = PBXFileReference; lastKnownFileType = sourcecode.swift; path = ViewController.swift; sourceTree = "<group>"; };
		BE424A021E655D7200A7BA37 /* Base */ = {isa = PBXFileReference; lastKnownFileType = file.storyboard; name = Base; path = Base.lproj/Main.storyboard; sourceTree = "<group>"; };
		BE424A041E655D7200A7BA37 /* Assets.xcassets */ = {isa = PBXFileReference; lastKnownFileType = folder.assetcatalog; path = Assets.xcassets; sourceTree = "<group>"; };
		BE424A071E655D7200A7BA37 /* Base */ = {isa = PBXFileReference; lastKnownFileType = file.storyboard; name = Base; path = Base.lproj/LaunchScreen.storyboard; sourceTree = "<group>"; };
		BE424A091E655D7200A7BA37 /* Info.plist */ = {isa = PBXFileReference; lastKnownFileType = text.plist.xml; path = Info.plist; sourceTree = "<group>"; };
		BE6004CA1E6F46FE00A45ACC /* LoginViewController.swift */ = {isa = PBXFileReference; fileEncoding = 4; lastKnownFileType = sourcecode.swift; path = LoginViewController.swift; sourceTree = "<group>"; };
		BE6004CC1E6F470C00A45ACC /* EventsViewController.swift */ = {isa = PBXFileReference; fileEncoding = 4; lastKnownFileType = sourcecode.swift; path = EventsViewController.swift; sourceTree = "<group>"; };
		BE6004CE1E6F471700A45ACC /* EventsDetailViewController.swift */ = {isa = PBXFileReference; fileEncoding = 4; lastKnownFileType = sourcecode.swift; path = EventsDetailViewController.swift; sourceTree = "<group>"; };
		BE6004D01E6F472100A45ACC /* SettingsViewController.swift */ = {isa = PBXFileReference; fileEncoding = 4; lastKnownFileType = sourcecode.swift; path = SettingsViewController.swift; sourceTree = "<group>"; };
		BE6004D21E6F4EF300A45ACC /* SignUpViewController.swift */ = {isa = PBXFileReference; fileEncoding = 4; lastKnownFileType = sourcecode.swift; path = SignUpViewController.swift; sourceTree = "<group>"; };
/* End PBXFileReference section */

/* Begin PBXFrameworksBuildPhase section */
		BE4249F71E655D7200A7BA37 /* Frameworks */ = {
			isa = PBXFrameworksBuildPhase;
			buildActionMask = 2147483647;
			files = (
			);
			runOnlyForDeploymentPostprocessing = 0;
		};
/* End PBXFrameworksBuildPhase section */

/* Begin PBXGroup section */
		BE4249F11E655D7200A7BA37 = {
			isa = PBXGroup;
			children = (
				BE4249FC1E655D7200A7BA37 /* CampusApp */,
				BE4249FB1E655D7200A7BA37 /* Products */,
			);
			sourceTree = "<group>";
		};
		BE4249FB1E655D7200A7BA37 /* Products */ = {
			isa = PBXGroup;
			children = (
				BE4249FA1E655D7200A7BA37 /* CampusApp.app */,
			);
			name = Products;
			sourceTree = "<group>";
		};
		BE4249FC1E655D7200A7BA37 /* CampusApp */ = {
			isa = PBXGroup;
			children = (
				BE4249FD1E655D7200A7BA37 /* AppDelegate.swift */,
				BE4249FF1E655D7200A7BA37 /* ViewController.swift */,
				BE424A011E655D7200A7BA37 /* Main.storyboard */,
				BE6004CA1E6F46FE00A45ACC /* LoginViewController.swift */,
				BE6004CC1E6F470C00A45ACC /* EventsViewController.swift */,
				BE6004CE1E6F471700A45ACC /* EventsDetailViewController.swift */,
				BE6004D01E6F472100A45ACC /* SettingsViewController.swift */,
				BE6004D21E6F4EF300A45ACC /* SignUpViewController.swift */,
				BE424A041E655D7200A7BA37 /* Assets.xcassets */,
				BE424A061E655D7200A7BA37 /* LaunchScreen.storyboard */,
				BE424A091E655D7200A7BA37 /* Info.plist */,
			);
			path = CampusApp;
			sourceTree = "<group>";
		};
/* End PBXGroup section */

/* Begin PBXNativeTarget section */
		BE4249F91E655D7200A7BA37 /* CampusApp */ = {
			isa = PBXNativeTarget;
			buildConfigurationList = BE424A0C1E655D7200A7BA37 /* Build configuration list for PBXNativeTarget "CampusApp" */;
			buildPhases = (
				BE4249F61E655D7200A7BA37 /* Sources */,
				BE4249F71E655D7200A7BA37 /* Frameworks */,
				BE4249F81E655D7200A7BA37 /* Resources */,
			);
			buildRules = (
			);
			dependencies = (
			);
			name = CampusApp;
			productName = CampusApp;
			productReference = BE4249FA1E655D7200A7BA37 /* CampusApp.app */;
			productType = "com.apple.product-type.application";
		};
/* End PBXNativeTarget section */

/* Begin PBXProject section */
		BE4249F21E655D7200A7BA37 /* Project object */ = {
			isa = PBXProject;
			attributes = {
				LastSwiftUpdateCheck = 0800;
				LastUpgradeCheck = 0800;
				ORGANIZATIONNAME = HLPostman;
				TargetAttributes = {
					BE4249F91E655D7200A7BA37 = {
						CreatedOnToolsVersion = 8.0;
						ProvisioningStyle = Automatic;
					};
				};
			};
			buildConfigurationList = BE4249F51E655D7200A7BA37 /* Build configuration list for PBXProject "CampusApp" */;
			compatibilityVersion = "Xcode 3.2";
			developmentRegion = English;
			hasScannedForEncodings = 0;
			knownRegions = (
				en,
				Base,
			);
			mainGroup = BE4249F11E655D7200A7BA37;
			productRefGroup = BE4249FB1E655D7200A7BA37 /* Products */;
			projectDirPath = "";
			projectRoot = "";
			targets = (
				BE4249F91E655D7200A7BA37 /* CampusApp */,
			);
		};
/* End PBXProject section */

/* Begin PBXResourcesBuildPhase section */
		BE4249F81E655D7200A7BA37 /* Resources */ = {
			isa = PBXResourcesBuildPhase;
			buildActionMask = 2147483647;
			files = (
				BE424A081E655D7200A7BA37 /* LaunchScreen.storyboard in Resources */,
				BE424A051E655D7200A7BA37 /* Assets.xcassets in Resources */,
				BE424A031E655D7200A7BA37 /* Main.storyboard in Resources */,
			);
			runOnlyForDeploymentPostprocessing = 0;
		};
/* End PBXResourcesBuildPhase section */

/* Begin PBXSourcesBuildPhase section */
		BE4249F61E655D7200A7BA37 /* Sources */ = {
			isa = PBXSourcesBuildPhase;
			buildActionMask = 2147483647;
			files = (
				BE6004CB1E6F46FE00A45ACC /* LoginViewController.swift in Sources */,
				BE6004D31E6F4EF300A45ACC /* SignUpViewController.swift in Sources */,
				BE6004CD1E6F470C00A45ACC /* EventsViewController.swift in Sources */,
				BE6004CF1E6F471700A45ACC /* EventsDetailViewController.swift in Sources */,
				BE424A001E655D7200A7BA37 /* ViewController.swift in Sources */,
				BE4249FE1E655D7200A7BA37 /* AppDelegate.swift in Sources */,
				BE6004D11E6F472100A45ACC /* SettingsViewController.swift in Sources */,
			);
			runOnlyForDeploymentPostprocessing = 0;
		};
/* End PBXSourcesBuildPhase section */

/* Begin PBXVariantGroup section */
		BE424A011E655D7200A7BA37 /* Main.storyboard */ = {
			isa = PBXVariantGroup;
			children = (
				BE424A021E655D7200A7BA37 /* Base */,
			);
			name = Main.storyboard;
			sourceTree = "<group>";
		};
		BE424A061E655D7200A7BA37 /* LaunchScreen.storyboard */ = {
			isa = PBXVariantGroup;
			children = (
				BE424A071E655D7200A7BA37 /* Base */,
			);
			name = LaunchScreen.storyboard;
			sourceTree = "<group>";
		};
/* End PBXVariantGroup section */

/* Begin XCBuildConfiguration section */
		BE424A0A1E655D7200A7BA37 /* Debug */ = {
			isa = XCBuildConfiguration;
			buildSettings = {
				ALWAYS_SEARCH_USER_PATHS = NO;
				CLANG_ANALYZER_NONNULL = YES;
				CLANG_CXX_LANGUAGE_STANDARD = "gnu++0x";
				CLANG_CXX_LIBRARY = "libc++";
				CLANG_ENABLE_MODULES = YES;
				CLANG_ENABLE_OBJC_ARC = YES;
				CLANG_WARN_BOOL_CONVERSION = YES;
				CLANG_WARN_CONSTANT_CONVERSION = YES;
				CLANG_WARN_DIRECT_OBJC_ISA_USAGE = YES_ERROR;
				CLANG_WARN_DOCUMENTATION_COMMENTS = YES;
				CLANG_WARN_EMPTY_BODY = YES;
				CLANG_WARN_ENUM_CONVERSION = YES;
				CLANG_WARN_INFINITE_RECURSION = YES;
				CLANG_WARN_INT_CONVERSION = YES;
				CLANG_WARN_OBJC_ROOT_CLASS = YES_ERROR;
				CLANG_WARN_SUSPICIOUS_MOVES = YES;
				CLANG_WARN_UNREACHABLE_CODE = YES;
				CLANG_WARN__DUPLICATE_METHOD_MATCH = YES;
				"CODE_SIGN_IDENTITY[sdk=iphoneos*]" = "iPhone Developer";
				COPY_PHASE_STRIP = NO;
				DEBUG_INFORMATION_FORMAT = dwarf;
				ENABLE_STRICT_OBJC_MSGSEND = YES;
				ENABLE_TESTABILITY = YES;
				GCC_C_LANGUAGE_STANDARD = gnu99;
				GCC_DYNAMIC_NO_PIC = NO;
				GCC_NO_COMMON_BLOCKS = YES;
				GCC_OPTIMIZATION_LEVEL = 0;
				GCC_PREPROCESSOR_DEFINITIONS = (
					"DEBUG=1",
					"$(inherited)",
				);
				GCC_WARN_64_TO_32_BIT_CONVERSION = YES;
				GCC_WARN_ABOUT_RETURN_TYPE = YES_ERROR;
				GCC_WARN_UNDECLARED_SELECTOR = YES;
				GCC_WARN_UNINITIALIZED_AUTOS = YES_AGGRESSIVE;
				GCC_WARN_UNUSED_FUNCTION = YES;
				GCC_WARN_UNUSED_VARIABLE = YES;
				IPHONEOS_DEPLOYMENT_TARGET = 10.0;
				MTL_ENABLE_DEBUG_INFO = YES;
				ONLY_ACTIVE_ARCH = YES;
				SDKROOT = iphoneos;
				SWIFT_ACTIVE_COMPILATION_CONDITIONS = DEBUG;
				SWIFT_OPTIMIZATION_LEVEL = "-Onone";
				TARGETED_DEVICE_FAMILY = "1,2";
			};
			name = Debug;
		};
		BE424A0B1E655D7200A7BA37 /* Release */ = {
			isa = XCBuildConfiguration;
			buildSettings = {
				ALWAYS_SEARCH_USER_PATHS = NO;
				CLANG_ANALYZER_NONNULL = YES;
				CLANG_CXX_LANGUAGE_STANDARD = "gnu++0x";
				CLANG_CXX_LIBRARY = "libc++";
				CLANG_ENABLE_MODULES = YES;
				CLANG_ENABLE_OBJC_ARC = YES;
				CLANG_WARN_BOOL_CONVERSION = YES;
				CLANG_WARN_CONSTANT_CONVERSION = YES;
				CLANG_WARN_DIRECT_OBJC_ISA_USAGE = YES_ERROR;
				CLANG_WARN_DOCUMENTATION_COMMENTS = YES;
				CLANG_WARN_EMPTY_BODY = YES;
				CLANG_WARN_ENUM_CONVERSION = YES;
				CLANG_WARN_INFINITE_RECURSION = YES;
				CLANG_WARN_INT_CONVERSION = YES;
				CLANG_WARN_OBJC_ROOT_CLASS = YES_ERROR;
				CLANG_WARN_SUSPICIOUS_MOVES = YES;
				CLANG_WARN_UNREACHABLE_CODE = YES;
				CLANG_WARN__DUPLICATE_METHOD_MATCH = YES;
				"CODE_SIGN_IDENTITY[sdk=iphoneos*]" = "iPhone Developer";
				COPY_PHASE_STRIP = NO;
				DEBUG_INFORMATION_FORMAT = "dwarf-with-dsym";
				ENABLE_NS_ASSERTIONS = NO;
				ENABLE_STRICT_OBJC_MSGSEND = YES;
				GCC_C_LANGUAGE_STANDARD = gnu99;
				GCC_NO_COMMON_BLOCKS = YES;
				GCC_WARN_64_TO_32_BIT_CONVERSION = YES;
				GCC_WARN_ABOUT_RETURN_TYPE = YES_ERROR;
				GCC_WARN_UNDECLARED_SELECTOR = YES;
				GCC_WARN_UNINITIALIZED_AUTOS = YES_AGGRESSIVE;
				GCC_WARN_UNUSED_FUNCTION = YES;
				GCC_WARN_UNUSED_VARIABLE = YES;
				IPHONEOS_DEPLOYMENT_TARGET = 10.0;
				MTL_ENABLE_DEBUG_INFO = NO;
				SDKROOT = iphoneos;
				SWIFT_OPTIMIZATION_LEVEL = "-Owholemodule";
				TARGETED_DEVICE_FAMILY = "1,2";
				VALIDATE_PRODUCT = YES;
			};
			name = Release;
		};
		BE424A0D1E655D7200A7BA37 /* Debug */ = {
			isa = XCBuildConfiguration;
			buildSettings = {
				ASSETCATALOG_COMPILER_APPICON_NAME = AppIcon;
				INFOPLIST_FILE = CampusApp/Info.plist;
				LD_RUNPATH_SEARCH_PATHS = "$(inherited) @executable_path/Frameworks";
				PRODUCT_BUNDLE_IDENTIFIER = com.github.hlpostman.CampusApp;
				PRODUCT_NAME = "$(TARGET_NAME)";
				SWIFT_VERSION = 3.0;
			};
			name = Debug;
		};
		BE424A0E1E655D7200A7BA37 /* Release */ = {
			isa = XCBuildConfiguration;
			buildSettings = {
				ASSETCATALOG_COMPILER_APPICON_NAME = AppIcon;
				INFOPLIST_FILE = CampusApp/Info.plist;
				LD_RUNPATH_SEARCH_PATHS = "$(inherited) @executable_path/Frameworks";
				PRODUCT_BUNDLE_IDENTIFIER = com.github.hlpostman.CampusApp;
				PRODUCT_NAME = "$(TARGET_NAME)";
				SWIFT_VERSION = 3.0;
			};
			name = Release;
		};
/* End XCBuildConfiguration section */

/* Begin XCConfigurationList section */
		BE4249F51E655D7200A7BA37 /* Build configuration list for PBXProject "CampusApp" */ = {
			isa = XCConfigurationList;
			buildConfigurations = (
				BE424A0A1E655D7200A7BA37 /* Debug */,
				BE424A0B1E655D7200A7BA37 /* Release */,
			);
			defaultConfigurationIsVisible = 0;
			defaultConfigurationName = Release;
		};
		BE424A0C1E655D7200A7BA37 /* Build configuration list for PBXNativeTarget "CampusApp" */ = {
			isa = XCConfigurationList;
			buildConfigurations = (
				BE424A0D1E655D7200A7BA37 /* Debug */,
				BE424A0E1E655D7200A7BA37 /* Release */,
			);
			defaultConfigurationIsVisible = 0;
			defaultConfigurationName = Release;
		};
/* End XCConfigurationList section */
	};
	rootObject = BE4249F21E655D7200A7BA37 /* Project object */;
}
